
Microsoft Visual Studio Solution File, Format Version 11.00
# Visual Studio 2010
Project("{FAE04EC0-301F-11D3-BF4B-00C04F79EFBC}") = "UIAI2018_Server", "Assembly-CSharp.csproj", "{2366199B-6840-E6FB-EC33-6B24A68B5613}"
EndProject
Global
	GlobalSection(SolutionConfigurationPlatforms) = preSolution
		Debug|Any CPU = Debug|Any CPU
		Release|Any CPU = Release|Any CPU
	EndGlobalSection
	GlobalSection(ProjectConfigurationPlatforms) = postSolution
		{2366199B-6840-E6FB-EC33-6B24A68B5613}.Debug|Any CPU.ActiveCfg = Debug|Any CPU
		{2366199B-6840-E6FB-EC33-6B24A68B5613}.Debug|Any CPU.Build.0 = Debug|Any CPU
		{2366199B-6840-E6FB-EC33-6B24A68B5613}.Release|Any CPU.ActiveCfg = Release|Any CPU
		{2366199B-6840-E6FB-EC33-6B24A68B5613}.Release|Any CPU.Build.0 = Release|Any CPU
	EndGlobalSection
	GlobalSection(SolutionProperties) = preSolution
		HideSolutionNode = FALSE
	EndGlobalSection
	GlobalSection(MonoDevelopProperties) = preSolution
		StartupItem = Assembly-CSharp.csproj
	EndGlobalSection
EndGlobal
